
Microsoft Visual Studio Solution File, Format Version 12.00
# Visual Studio Version 16
VisualStudioVersion = 16.0.32126.315
MinimumVisualStudioVersion = 10.0.40219.1
Project("{FAE04EC0-301F-11D3-BF4B-00C04F79EFBC}") = "Examen2_Progra6", "Examen2_Progra6.csproj", "{4A5AE86F-CE8D-47DF-86B6-96E682E40D56}"
EndProject
Global
	GlobalSection(SolutionConfigurationPlatforms) = preSolution
		Debug|Any CPU = Debug|Any CPU
		Release|Any CPU = Release|Any CPU
	EndGlobalSection
	GlobalSection(ProjectConfigurationPlatforms) = postSolution
		{4A5AE86F-CE8D-47DF-86B6-96E682E40D56}.Debug|Any CPU.ActiveCfg = Debug|Any CPU
		{4A5AE86F-CE8D-47DF-86B6-96E682E40D56}.Debug|Any CPU.Build.0 = Debug|Any CPU
		{4A5AE86F-CE8D-47DF-86B6-96E682E40D56}.Release|Any CPU.ActiveCfg = Release|Any CPU
		{4A5AE86F-CE8D-47DF-86B6-96E682E40D56}.Release|Any CPU.Build.0 = Release|Any CPU
	EndGlobalSection
	GlobalSection(SolutionProperties) = preSolution
		HideSolutionNode = FALSE
	EndGlobalSection
	GlobalSection(ExtensibilityGlobals) = postSolution
		SolutionGuid = {CC79F233-C12D-40DE-B9D8-EDE92CEFF248}
	EndGlobalSection
EndGlobal
